
Microsoft Visual Studio Solution File, Format Version 12.00
# Visual Studio 15
VisualStudioVersion = 15.0.28307.271
MinimumVisualStudioVersion = 10.0.40219.1
Project("{8BC9CEB8-8B4A-11D0-8D11-00A0C91BC942}") = "PingPongGame", "PingPongGame\PingPongGame.vcxproj", "{B025C51B-2D18-4D57-B390-1E96875A590A}"
EndProject
Global
	GlobalSection(SolutionConfigurationPlatforms) = preSolution
		Debug|x64 = Debug|x64
		Debug|x86 = Debug|x86
		Release|x64 = Release|x64
		Release|x86 = Release|x86
	EndGlobalSection
	GlobalSection(ProjectConfigurationPlatforms) = postSolution
		{B025C51B-2D18-4D57-B390-1E96875A590A}.Debug|x64.ActiveCfg = Debug|x64
		{B025C51B-2D18-4D57-B390-1E96875A590A}.Debug|x64.Build.0 = Debug|x64
		{B025C51B-2D18-4D57-B390-1E96875A590A}.Debug|x86.ActiveCfg = Debug|Win32
		{B025C51B-2D18-4D57-B390-1E96875A590A}.Debug|x86.Build.0 = Debug|Win32
		{B025C51B-2D18-4D57-B390-1E96875A590A}.Release|x64.ActiveCfg = Release|x64
		{B025C51B-2D18-4D57-B390-1E96875A590A}.Release|x64.Build.0 = Release|x64
		{B025C51B-2D18-4D57-B390-1E96875A590A}.Release|x86.ActiveCfg = Release|Win32
		{B025C51B-2D18-4D57-B390-1E96875A590A}.Release|x86.Build.0 = Release|Win32
	EndGlobalSection
	GlobalSection(SolutionProperties) = preSolution
		HideSolutionNode = FALSE
	EndGlobalSection
	GlobalSection(ExtensibilityGlobals) = postSolution
		SolutionGuid = {A36EAA11-2A75-4A09-B9FE-8989CA6C40D9}
	EndGlobalSection
EndGlobal
